
Microsoft Visual Studio Solution File, Format Version 12.00
# Visual Studio Version 16
VisualStudioVersion = 16.0.30804.86
MinimumVisualStudioVersion = 10.0.40219.1
Project("{FAE04EC0-301F-11D3-BF4B-00C04F79EFBC}") = "MerryMethodsProject", "MerryMethodsProject\MerryMethodsProject.csproj", "{5276624A-21E7-431A-96C5-F8E24853001D}"
EndProject
Global
	GlobalSection(SolutionConfigurationPlatforms) = preSolution
		Debug|Any CPU = Debug|Any CPU
		Release|Any CPU = Release|Any CPU
	EndGlobalSection
	GlobalSection(ProjectConfigurationPlatforms) = postSolution
		{5276624A-21E7-431A-96C5-F8E24853001D}.Debug|Any CPU.ActiveCfg = Debug|Any CPU
		{5276624A-21E7-431A-96C5-F8E24853001D}.Debug|Any CPU.Build.0 = Debug|Any CPU
		{5276624A-21E7-431A-96C5-F8E24853001D}.Release|Any CPU.ActiveCfg = Release|Any CPU
		{5276624A-21E7-431A-96C5-F8E24853001D}.Release|Any CPU.Build.0 = Release|Any CPU
	EndGlobalSection
	GlobalSection(SolutionProperties) = preSolution
		HideSolutionNode = FALSE
	EndGlobalSection
	GlobalSection(ExtensibilityGlobals) = postSolution
		SolutionGuid = {D8F2DA52-2D05-419B-BB81-0B94BC6D0049}
	EndGlobalSection
EndGlobal
